
Microsoft Visual Studio Solution File, Format Version 12.00
# Visual Studio 15
VisualStudioVersion = 15.0.28307.539
MinimumVisualStudioVersion = 10.0.40219.1
Project("{FAE04EC0-301F-11D3-BF4B-00C04F79EFBC}") = "TalkApplication", "TalkApplication\TalkApplication.csproj", "{F3026ECE-6CF3-4433-A522-67E97ADE7DCC}"
EndProject
Project("{FAE04EC0-301F-11D3-BF4B-00C04F79EFBC}") = "DtbAccessProject", "..\DtbAccessProject\DtbAccessProject\DtbAccessProject.csproj", "{3ED68EB6-8C11-41B4-B8F2-E46DB37F43D7}"
EndProject
Global
	GlobalSection(SolutionConfigurationPlatforms) = preSolution
		Debug|Any CPU = Debug|Any CPU
		Release|Any CPU = Release|Any CPU
	EndGlobalSection
	GlobalSection(ProjectConfigurationPlatforms) = postSolution
		{F3026ECE-6CF3-4433-A522-67E97ADE7DCC}.Debug|Any CPU.ActiveCfg = Debug|Any CPU
		{F3026ECE-6CF3-4433-A522-67E97ADE7DCC}.Debug|Any CPU.Build.0 = Debug|Any CPU
		{F3026ECE-6CF3-4433-A522-67E97ADE7DCC}.Release|Any CPU.ActiveCfg = Release|Any CPU
		{F3026ECE-6CF3-4433-A522-67E97ADE7DCC}.Release|Any CPU.Build.0 = Release|Any CPU
		{3ED68EB6-8C11-41B4-B8F2-E46DB37F43D7}.Debug|Any CPU.ActiveCfg = Debug|Any CPU
		{3ED68EB6-8C11-41B4-B8F2-E46DB37F43D7}.Debug|Any CPU.Build.0 = Debug|Any CPU
		{3ED68EB6-8C11-41B4-B8F2-E46DB37F43D7}.Release|Any CPU.ActiveCfg = Release|Any CPU
		{3ED68EB6-8C11-41B4-B8F2-E46DB37F43D7}.Release|Any CPU.Build.0 = Release|Any CPU
	EndGlobalSection
	GlobalSection(SolutionProperties) = preSolution
		HideSolutionNode = FALSE
	EndGlobalSection
	GlobalSection(ExtensibilityGlobals) = postSolution
		SolutionGuid = {AAAD8C97-676D-4E05-8F83-792859CCA887}
	EndGlobalSection
EndGlobal
