
Microsoft Visual Studio Solution File, Format Version 12.00
# Visual Studio 15
VisualStudioVersion = 15.0.28307.539
MinimumVisualStudioVersion = 10.0.40219.1
Project("{8BC9CEB8-8B4A-11D0-8D11-00A0C91BC942}") = "GridWordSearch", "GridWordSearch\GridWordSearch.vcxproj", "{FCE84379-DA08-4123-8783-C53091667C59}"
EndProject
Project("{8BC9CEB8-8B4A-11D0-8D11-00A0C91BC942}") = "GridWordTest", "GridWordTest\GridWordTest.vcxproj", "{EAAFFD65-07D2-4AD9-89A1-3D6DF696FDB4}"
EndProject
Global
	GlobalSection(SolutionConfigurationPlatforms) = preSolution
		Debug|x64 = Debug|x64
		Debug|x86 = Debug|x86
		Release|x64 = Release|x64
		Release|x86 = Release|x86
	EndGlobalSection
	GlobalSection(ProjectConfigurationPlatforms) = postSolution
		{FCE84379-DA08-4123-8783-C53091667C59}.Debug|x64.ActiveCfg = Debug|x64
		{FCE84379-DA08-4123-8783-C53091667C59}.Debug|x64.Build.0 = Debug|x64
		{FCE84379-DA08-4123-8783-C53091667C59}.Debug|x86.ActiveCfg = Debug|Win32
		{FCE84379-DA08-4123-8783-C53091667C59}.Debug|x86.Build.0 = Debug|Win32
		{FCE84379-DA08-4123-8783-C53091667C59}.Release|x64.ActiveCfg = Release|x64
		{FCE84379-DA08-4123-8783-C53091667C59}.Release|x64.Build.0 = Release|x64
		{FCE84379-DA08-4123-8783-C53091667C59}.Release|x86.ActiveCfg = Release|Win32
		{FCE84379-DA08-4123-8783-C53091667C59}.Release|x86.Build.0 = Release|Win32
		{EAAFFD65-07D2-4AD9-89A1-3D6DF696FDB4}.Debug|x64.ActiveCfg = Debug|x64
		{EAAFFD65-07D2-4AD9-89A1-3D6DF696FDB4}.Debug|x64.Build.0 = Debug|x64
		{EAAFFD65-07D2-4AD9-89A1-3D6DF696FDB4}.Debug|x86.ActiveCfg = Debug|Win32
		{EAAFFD65-07D2-4AD9-89A1-3D6DF696FDB4}.Debug|x86.Build.0 = Debug|Win32
		{EAAFFD65-07D2-4AD9-89A1-3D6DF696FDB4}.Release|x64.ActiveCfg = Release|x64
		{EAAFFD65-07D2-4AD9-89A1-3D6DF696FDB4}.Release|x64.Build.0 = Release|x64
		{EAAFFD65-07D2-4AD9-89A1-3D6DF696FDB4}.Release|x86.ActiveCfg = Release|Win32
		{EAAFFD65-07D2-4AD9-89A1-3D6DF696FDB4}.Release|x86.Build.0 = Release|Win32
	EndGlobalSection
	GlobalSection(SolutionProperties) = preSolution
		HideSolutionNode = FALSE
	EndGlobalSection
	GlobalSection(ExtensibilityGlobals) = postSolution
		SolutionGuid = {ED429583-8FE0-4098-83BF-E24F5737C277}
	EndGlobalSection
EndGlobal
